// !$*UTF8*$!
{
	archiveVersion = 1;
	classes = {
	};
	objectVersion = 77;
	objects = {

/* Begin PBXBuildFile section */
		BB9394872CFD073600758565 /* SpotifyiOS in Frameworks */ = {isa = PBXBuildFile; productRef = BB9394862CFD073600758565 /* SpotifyiOS */; };
		BB95F43B2CAD7719000A9A91 /* Better Now Playing Watch App.app in Embed Watch Content */ = {isa = PBXBuildFile; fileRef = BB95F43A2CAD7719000A9A91 /* Better Now Playing Watch App.app */; settings = {ATTRIBUTES = (RemoveHeadersOnCopy, ); }; };
		BBA6DEB92CD140F5001B0B3F /* WidgetKit.framework in Frameworks */ = {isa = PBXBuildFile; fileRef = BB823CD42CC1DE81001910AA /* WidgetKit.framework */; };
		BBA6DEBA2CD140F5001B0B3F /* SwiftUI.framework in Frameworks */ = {isa = PBXBuildFile; fileRef = BB823CD62CC1DE81001910AA /* SwiftUI.framework */; };
		BBA6DEC52CD140F6001B0B3F /* Better Now Playing WidgetsExtension.appex in Embed Foundation Extensions */ = {isa = PBXBuildFile; fileRef = BBA6DEB82CD140F5001B0B3F /* Better Now Playing WidgetsExtension.appex */; settings = {ATTRIBUTES = (RemoveHeadersOnCopy, ); }; };
/* End PBXBuildFile section */

/* Begin PBXContainerItemProxy section */
		BB95F43C2CAD7719000A9A91 /* PBXContainerItemProxy */ = {
			isa = PBXContainerItemProxy;
			containerPortal = BB95F40C2CAD7717000A9A91 /* Project object */;
			proxyType = 1;
			remoteGlobalIDString = BB95F4392CAD7719000A9A91;
			remoteInfo = "Better Now Playing Watch App";
		};
		BBA6DEC32CD140F6001B0B3F /* PBXContainerItemProxy */ = {
			isa = PBXContainerItemProxy;
			containerPortal = BB95F40C2CAD7717000A9A91 /* Project object */;
			proxyType = 1;
			remoteGlobalIDString = BBA6DEB72CD140F5001B0B3F;
			remoteInfo = "Better Now Playing WidgetsExtension";
		};
/* End PBXContainerItemProxy section */

/* Begin PBXCopyFilesBuildPhase section */
		BB823CBC2CC1DE20001910AA /* Embed ExtensionKit Extensions */ = {
			isa = PBXCopyFilesBuildPhase;
			buildActionMask = 2147483647;
			dstPath = "$(EXTENSIONS_FOLDER_PATH)";
			dstSubfolderSpec = 16;
			files = (
			);
			name = "Embed ExtensionKit Extensions";
			runOnlyForDeploymentPostprocessing = 0;
		};
		BB823CCE2CC1DE4E001910AA /* Embed ExtensionKit Extensions */ = {
			isa = PBXCopyFilesBuildPhase;
			buildActionMask = 2147483647;
			dstPath = "$(EXTENSIONS_FOLDER_PATH)";
			dstSubfolderSpec = 16;
			files = (
			);
			name = "Embed ExtensionKit Extensions";
			runOnlyForDeploymentPostprocessing = 0;
		};
		BB823CE72CC1DE82001910AA /* Embed Foundation Extensions */ = {
			isa = PBXCopyFilesBuildPhase;
			buildActionMask = 2147483647;
			dstPath = "";
			dstSubfolderSpec = 13;
			files = (
				BBA6DEC52CD140F6001B0B3F /* Better Now Playing WidgetsExtension.appex in Embed Foundation Extensions */,
			);
			name = "Embed Foundation Extensions";
			runOnlyForDeploymentPostprocessing = 0;
		};
		BB95F4632CAD771A000A9A91 /* Embed Watch Content */ = {
			isa = PBXCopyFilesBuildPhase;
			buildActionMask = 2147483647;
			dstPath = "$(CONTENTS_FOLDER_PATH)/Watch";
			dstSubfolderSpec = 16;
			files = (
				BB95F43B2CAD7719000A9A91 /* Better Now Playing Watch App.app in Embed Watch Content */,
			);
			name = "Embed Watch Content";
			runOnlyForDeploymentPostprocessing = 0;
		};
/* End PBXCopyFilesBuildPhase section */

/* Begin PBXFileReference section */
		BB823CD42CC1DE81001910AA /* WidgetKit.framework */ = {isa = PBXFileReference; lastKnownFileType = wrapper.framework; name = WidgetKit.framework; path = System/Library/Frameworks/WidgetKit.framework; sourceTree = SDKROOT; };
		BB823CD62CC1DE81001910AA /* SwiftUI.framework */ = {isa = PBXFileReference; lastKnownFileType = wrapper.framework; name = SwiftUI.framework; path = System/Library/Frameworks/SwiftUI.framework; sourceTree = SDKROOT; };
		BB95F4142CAD7717000A9A91 /* Better Now Playing.app */ = {isa = PBXFileReference; explicitFileType = wrapper.application; includeInIndex = 0; path = "Better Now Playing.app"; sourceTree = BUILT_PRODUCTS_DIR; };
		BB95F43A2CAD7719000A9A91 /* Better Now Playing Watch App.app */ = {isa = PBXFileReference; explicitFileType = wrapper.application; includeInIndex = 0; path = "Better Now Playing Watch App.app"; sourceTree = BUILT_PRODUCTS_DIR; };
		BBA15BAD2CE4E7F800B69AAA /* Better Now Playing WidgetsExtension.entitlements */ = {isa = PBXFileReference; lastKnownFileType = text.plist.entitlements; path = "Better Now Playing WidgetsExtension.entitlements"; sourceTree = "<group>"; };
		BBA6DEB82CD140F5001B0B3F /* Better Now Playing WidgetsExtension.appex */ = {isa = PBXFileReference; explicitFileType = "wrapper.app-extension"; includeInIndex = 0; path = "Better Now Playing WidgetsExtension.appex"; sourceTree = BUILT_PRODUCTS_DIR; };
/* End PBXFileReference section */

/* Begin PBXFileSystemSynchronizedBuildFileExceptionSet section */
		BB51A1A82D68B19500FB7C90 /* Exceptions for "Better Now Playing Watch App" folder in "Better Now Playing" target */ = {
			isa = PBXFileSystemSynchronizedBuildFileExceptionSet;
			membershipExceptions = (
				Assets.xcassets,
				Better_Now_PlayingApp.swift,
				ContentView.swift,
				"Preview Content/Preview Assets.xcassets",
			);
			target = BB95F4132CAD7717000A9A91 /* Better Now Playing */;
		};
		BB51A1A92D68B19500FB7C90 /* Exceptions for "Better Now Playing Watch App" folder in "Better Now Playing Watch App" target */ = {
			isa = PBXFileSystemSynchronizedBuildFileExceptionSet;
			membershipExceptions = (
				Assets.xcassets,
				Better_Now_PlayingApp.swift,
				ContentView.swift,
				"Preview Content/Preview Assets.xcassets",
			);
			target = BB95F4392CAD7719000A9A91 /* Better Now Playing Watch App */;
		};
		BB9B5D212D2EC481007504EB /* Exceptions for "Better Now Playing" folder in "Better Now Playing Watch App" target */ = {
			isa = PBXFileSystemSynchronizedBuildFileExceptionSet;
			membershipExceptions = (
				Classes/WatchConnectivty/ConnectivityManager.swift,
				Classes/WatchConnectivty/MusicMetaData.swift,
				Classes/WatchConnectivty/ProgramViewModel.swift,
			);
			target = BB95F4392CAD7719000A9A91 /* Better Now Playing Watch App */;
		};
		BB9B5D222D2EC481007504EB /* Exceptions for "Better Now Playing" folder in "Better Now Playing WidgetsExtension" target */ = {
			isa = PBXFileSystemSynchronizedBuildFileExceptionSet;
			membershipExceptions = (
				Classes/WatchConnectivty/ConnectivityManager.swift,
				Classes/WatchConnectivty/MusicMetaData.swift,
				Classes/WatchConnectivty/ProgramViewModel.swift,
			);
			target = BBA6DEB72CD140F5001B0B3F /* Better Now Playing WidgetsExtension */;
		};
		BBA6DEC92CD140F6001B0B3F /* Exceptions for "Better Now Playing Widgets" folder in "Better Now Playing WidgetsExtension" target */ = {
			isa = PBXFileSystemSynchronizedBuildFileExceptionSet;
			membershipExceptions = (
				Info.plist,
			);
			target = BBA6DEB72CD140F5001B0B3F /* Better Now Playing WidgetsExtension */;
		};
/* End PBXFileSystemSynchronizedBuildFileExceptionSet section */

/* Begin PBXFileSystemSynchronizedRootGroup section */
		BB51A1A32D68B19500FB7C90 /* Better Now Playing Watch App */ = {
			isa = PBXFileSystemSynchronizedRootGroup;
			exceptions = (
				BB51A1A82D68B19500FB7C90 /* Exceptions for "Better Now Playing Watch App" folder in "Better Now Playing" target */,
				BB51A1A92D68B19500FB7C90 /* Exceptions for "Better Now Playing Watch App" folder in "Better Now Playing Watch App" target */,
			);
			path = "Better Now Playing Watch App";
			sourceTree = "<group>";
		};
		BB95F4162CAD7717000A9A91 /* Better Now Playing */ = {
			isa = PBXFileSystemSynchronizedRootGroup;
			exceptions = (
				BB9B5D212D2EC481007504EB /* Exceptions for "Better Now Playing" folder in "Better Now Playing Watch App" target */,
				BB9B5D222D2EC481007504EB /* Exceptions for "Better Now Playing" folder in "Better Now Playing WidgetsExtension" target */,
			);
			path = "Better Now Playing";
			sourceTree = "<group>";
		};
		BBA6DEBB2CD140F5001B0B3F /* Better Now Playing Widgets */ = {
			isa = PBXFileSystemSynchronizedRootGroup;
			exceptions = (
				BBA6DEC92CD140F6001B0B3F /* Exceptions for "Better Now Playing Widgets" folder in "Better Now Playing WidgetsExtension" target */,
			);
			path = "Better Now Playing Widgets";
			sourceTree = "<group>";
		};
/* End PBXFileSystemSynchronizedRootGroup section */

/* Begin PBXFrameworksBuildPhase section */
		BB95F4112CAD7717000A9A91 /* Frameworks */ = {
			isa = PBXFrameworksBuildPhase;
			buildActionMask = 2147483647;
			files = (
				BB9394872CFD073600758565 /* SpotifyiOS in Frameworks */,
			);
			runOnlyForDeploymentPostprocessing = 0;
		};
		BB95F4372CAD7719000A9A91 /* Frameworks */ = {
			isa = PBXFrameworksBuildPhase;
			buildActionMask = 2147483647;
			files = (
			);
			runOnlyForDeploymentPostprocessing = 0;
		};
		BBA6DEB52CD140F5001B0B3F /* Frameworks */ = {
			isa = PBXFrameworksBuildPhase;
			buildActionMask = 2147483647;
			files = (
				BBA6DEBA2CD140F5001B0B3F /* SwiftUI.framework in Frameworks */,
				BBA6DEB92CD140F5001B0B3F /* WidgetKit.framework in Frameworks */,
			);
			runOnlyForDeploymentPostprocessing = 0;
		};
/* End PBXFrameworksBuildPhase section */

/* Begin PBXGroup section */
		BB823CA62CC1CAEC001910AA /* Frameworks */ = {
			isa = PBXGroup;
			children = (
				BB823CD42CC1DE81001910AA /* WidgetKit.framework */,
				BB823CD62CC1DE81001910AA /* SwiftUI.framework */,
			);
			name = Frameworks;
			sourceTree = "<group>";
		};
		BB95F40B2CAD7717000A9A91 = {
			isa = PBXGroup;
			children = (
				BBA15BAD2CE4E7F800B69AAA /* Better Now Playing WidgetsExtension.entitlements */,
				BB51A1A32D68B19500FB7C90 /* Better Now Playing Watch App */,
				BB95F4162CAD7717000A9A91 /* Better Now Playing */,
				BBA6DEBB2CD140F5001B0B3F /* Better Now Playing Widgets */,
				BB823CA62CC1CAEC001910AA /* Frameworks */,
				BB95F4152CAD7717000A9A91 /* Products */,
			);
			sourceTree = "<group>";
		};
		BB95F4152CAD7717000A9A91 /* Products */ = {
			isa = PBXGroup;
			children = (
				BB95F4142CAD7717000A9A91 /* Better Now Playing.app */,
				BB95F43A2CAD7719000A9A91 /* Better Now Playing Watch App.app */,
				BBA6DEB82CD140F5001B0B3F /* Better Now Playing WidgetsExtension.appex */,
			);
			name = Products;
			sourceTree = "<group>";
		};
/* End PBXGroup section */

/* Begin PBXNativeTarget section */
		BB95F4132CAD7717000A9A91 /* Better Now Playing */ = {
			isa = PBXNativeTarget;
			buildConfigurationList = BB95F4642CAD771A000A9A91 /* Build configuration list for PBXNativeTarget "Better Now Playing" */;
			buildPhases = (
				BB95F4102CAD7717000A9A91 /* Sources */,
				BB95F4112CAD7717000A9A91 /* Frameworks */,
				BB95F4122CAD7717000A9A91 /* Resources */,
				BB95F4632CAD771A000A9A91 /* Embed Watch Content */,
				BB823CBC2CC1DE20001910AA /* Embed ExtensionKit Extensions */,
			);
			buildRules = (
			);
			dependencies = (
				BB95F43D2CAD7719000A9A91 /* PBXTargetDependency */,
			);
			fileSystemSynchronizedGroups = (
				BB51A1A32D68B19500FB7C90 /* Better Now Playing Watch App */,
				BB95F4162CAD7717000A9A91 /* Better Now Playing */,
			);
			name = "Better Now Playing";
			packageProductDependencies = (
				BB9394862CFD073600758565 /* SpotifyiOS */,
			);
			productName = "Better Now Playing";
			productReference = BB95F4142CAD7717000A9A91 /* Better Now Playing.app */;
			productType = "com.apple.product-type.application";
		};
		BB95F4392CAD7719000A9A91 /* Better Now Playing Watch App */ = {
			isa = PBXNativeTarget;
			buildConfigurationList = BB95F4602CAD771A000A9A91 /* Build configuration list for PBXNativeTarget "Better Now Playing Watch App" */;
			buildPhases = (
				BB95F4362CAD7719000A9A91 /* Sources */,
				BB95F4372CAD7719000A9A91 /* Frameworks */,
				BB95F4382CAD7719000A9A91 /* Resources */,
				BB823CCE2CC1DE4E001910AA /* Embed ExtensionKit Extensions */,
				BB823CE72CC1DE82001910AA /* Embed Foundation Extensions */,
			);
			buildRules = (
			);
			dependencies = (
				BBA6DEC42CD140F6001B0B3F /* PBXTargetDependency */,
			);
			name = "Better Now Playing Watch App";
			packageProductDependencies = (
			);
			productName = "Better Now Playing Watch App";
			productReference = BB95F43A2CAD7719000A9A91 /* Better Now Playing Watch App.app */;
			productType = "com.apple.product-type.application";
		};
		BBA6DEB72CD140F5001B0B3F /* Better Now Playing WidgetsExtension */ = {
			isa = PBXNativeTarget;
			buildConfigurationList = BBA6DEC62CD140F6001B0B3F /* Build configuration list for PBXNativeTarget "Better Now Playing WidgetsExtension" */;
			buildPhases = (
				BBA6DEB42CD140F5001B0B3F /* Sources */,
				BBA6DEB52CD140F5001B0B3F /* Frameworks */,
				BBA6DEB62CD140F5001B0B3F /* Resources */,
			);
			buildRules = (
			);
			dependencies = (
			);
			fileSystemSynchronizedGroups = (
				BBA6DEBB2CD140F5001B0B3F /* Better Now Playing Widgets */,
			);
			name = "Better Now Playing WidgetsExtension";
			packageProductDependencies = (
			);
			productName = "Better Now Playing WidgetsExtension";
			productReference = BBA6DEB82CD140F5001B0B3F /* Better Now Playing WidgetsExtension.appex */;
			productType = "com.apple.product-type.app-extension";
		};
/* End PBXNativeTarget section */

/* Begin PBXProject section */
		BB95F40C2CAD7717000A9A91 /* Project object */ = {
			isa = PBXProject;
			attributes = {
				BuildIndependentTargetsInParallel = 1;
				LastSwiftUpdateCheck = 1600;
				LastUpgradeCheck = 1610;
				TargetAttributes = {
					BB95F4132CAD7717000A9A91 = {
						CreatedOnToolsVersion = 16.0;
						LastSwiftMigration = 1620;
					};
					BB95F4392CAD7719000A9A91 = {
						CreatedOnToolsVersion = 16.0;
					};
					BBA6DEB72CD140F5001B0B3F = {
						CreatedOnToolsVersion = 16.0;
					};
				};
			};
			buildConfigurationList = BB95F40F2CAD7717000A9A91 /* Build configuration list for PBXProject "Better Now Playing" */;
			developmentRegion = en;
			hasScannedForEncodings = 0;
			knownRegions = (
				en,
				Base,
			);
			mainGroup = BB95F40B2CAD7717000A9A91;
			minimizedProjectReferenceProxies = 1;
			packageReferences = (
				BB9394852CFD073600758565 /* XCRemoteSwiftPackageReference "ios-sdk" */,
			);
			preferredProjectObjectVersion = 77;
			productRefGroup = BB95F4152CAD7717000A9A91 /* Products */;
			projectDirPath = "";
			projectRoot = "";
			targets = (
				BB95F4132CAD7717000A9A91 /* Better Now Playing */,
				BB95F4392CAD7719000A9A91 /* Better Now Playing Watch App */,
				BBA6DEB72CD140F5001B0B3F /* Better Now Playing WidgetsExtension */,
			);
		};
/* End PBXProject section */

/* Begin PBXResourcesBuildPhase section */
		BB95F4122CAD7717000A9A91 /* Resources */ = {
			isa = PBXResourcesBuildPhase;
			buildActionMask = 2147483647;
			files = (
			);
			runOnlyForDeploymentPostprocessing = 0;
		};
		BB95F4382CAD7719000A9A91 /* Resources */ = {
			isa = PBXResourcesBuildPhase;
			buildActionMask = 2147483647;
			files = (
			);
			runOnlyForDeploymentPostprocessing = 0;
		};
		BBA6DEB62CD140F5001B0B3F /* Resources */ = {
			isa = PBXResourcesBuildPhase;
			buildActionMask = 2147483647;
			files = (
			);
			runOnlyForDeploymentPostprocessing = 0;
		};
/* End PBXResourcesBuildPhase section */

/* Begin PBXSourcesBuildPhase section */
		BB95F4102CAD7717000A9A91 /* Sources */ = {
			isa = PBXSourcesBuildPhase;
			buildActionMask = 2147483647;
			files = (
			);
			runOnlyForDeploymentPostprocessing = 0;
		};
		BB95F4362CAD7719000A9A91 /* Sources */ = {
			isa = PBXSourcesBuildPhase;
			buildActionMask = 2147483647;
			files = (
			);
			runOnlyForDeploymentPostprocessing = 0;
		};
		BBA6DEB42CD140F5001B0B3F /* Sources */ = {
			isa = PBXSourcesBuildPhase;
			buildActionMask = 2147483647;
			files = (
			);
			runOnlyForDeploymentPostprocessing = 0;
		};
/* End PBXSourcesBuildPhase section */

/* Begin PBXTargetDependency section */
		BB95F43D2CAD7719000A9A91 /* PBXTargetDependency */ = {
			isa = PBXTargetDependency;
			target = BB95F4392CAD7719000A9A91 /* Better Now Playing Watch App */;
			targetProxy = BB95F43C2CAD7719000A9A91 /* PBXContainerItemProxy */;
		};
		BBA6DEC42CD140F6001B0B3F /* PBXTargetDependency */ = {
			isa = PBXTargetDependency;
			target = BBA6DEB72CD140F5001B0B3F /* Better Now Playing WidgetsExtension */;
			targetProxy = BBA6DEC32CD140F6001B0B3F /* PBXContainerItemProxy */;
		};
/* End PBXTargetDependency section */

/* Begin XCBuildConfiguration section */
		BB95F45E2CAD771A000A9A91 /* Debug */ = {
			isa = XCBuildConfiguration;
			buildSettings = {
				ALWAYS_SEARCH_USER_PATHS = NO;
				ASSETCATALOG_COMPILER_GENERATE_SWIFT_ASSET_SYMBOL_EXTENSIONS = YES;
				CLANG_ANALYZER_NONNULL = YES;
				CLANG_ANALYZER_NUMBER_OBJECT_CONVERSION = YES_AGGRESSIVE;
				CLANG_CXX_LANGUAGE_STANDARD = "gnu++20";
				CLANG_ENABLE_MODULES = YES;
				CLANG_ENABLE_OBJC_ARC = YES;
				CLANG_ENABLE_OBJC_WEAK = YES;
				CLANG_WARN_BLOCK_CAPTURE_AUTORELEASING = YES;
				CLANG_WARN_BOOL_CONVERSION = YES;
				CLANG_WARN_COMMA = YES;
				CLANG_WARN_CONSTANT_CONVERSION = YES;
				CLANG_WARN_DEPRECATED_OBJC_IMPLEMENTATIONS = YES;
				CLANG_WARN_DIRECT_OBJC_ISA_USAGE = YES_ERROR;
				CLANG_WARN_DOCUMENTATION_COMMENTS = YES;
				CLANG_WARN_EMPTY_BODY = YES;
				CLANG_WARN_ENUM_CONVERSION = YES;
				CLANG_WARN_INFINITE_RECURSION = YES;
				CLANG_WARN_INT_CONVERSION = YES;
				CLANG_WARN_NON_LITERAL_NULL_CONVERSION = YES;
				CLANG_WARN_OBJC_IMPLICIT_RETAIN_SELF = YES;
				CLANG_WARN_OBJC_LITERAL_CONVERSION = YES;
				CLANG_WARN_OBJC_ROOT_CLASS = YES_ERROR;
				CLANG_WARN_QUOTED_INCLUDE_IN_FRAMEWORK_HEADER = YES;
				CLANG_WARN_RANGE_LOOP_ANALYSIS = YES;
				CLANG_WARN_STRICT_PROTOTYPES = YES;
				CLANG_WARN_SUSPICIOUS_MOVE = YES;
				CLANG_WARN_UNGUARDED_AVAILABILITY = YES_AGGRESSIVE;
				CLANG_WARN_UNREACHABLE_CODE = YES;
				CLANG_WARN__DUPLICATE_METHOD_MATCH = YES;
				COPY_PHASE_STRIP = NO;
				DEAD_CODE_STRIPPING = YES;
				DEBUG_INFORMATION_FORMAT = dwarf;
				ENABLE_STRICT_OBJC_MSGSEND = YES;
				ENABLE_TESTABILITY = YES;
				ENABLE_USER_SCRIPT_SANDBOXING = YES;
				GCC_C_LANGUAGE_STANDARD = gnu17;
				GCC_DYNAMIC_NO_PIC = NO;
				GCC_NO_COMMON_BLOCKS = YES;
				GCC_OPTIMIZATION_LEVEL = 0;
				GCC_PREPROCESSOR_DEFINITIONS = (
					"DEBUG=1",
					"$(inherited)",
				);
				GCC_WARN_64_TO_32_BIT_CONVERSION = YES;
				GCC_WARN_ABOUT_RETURN_TYPE = YES_ERROR;
				GCC_WARN_UNDECLARED_SELECTOR = YES;
				GCC_WARN_UNINITIALIZED_AUTOS = YES_AGGRESSIVE;
				GCC_WARN_UNUSED_FUNCTION = YES;
				GCC_WARN_UNUSED_VARIABLE = YES;
				LOCALIZATION_PREFERS_STRING_CATALOGS = YES;
				MTL_ENABLE_DEBUG_INFO = INCLUDE_SOURCE;
				MTL_FAST_MATH = YES;
				ONLY_ACTIVE_ARCH = YES;
				SWIFT_ACTIVE_COMPILATION_CONDITIONS = "DEBUG $(inherited)";
				SWIFT_OPTIMIZATION_LEVEL = "-Onone";
			};
			name = Debug;
		};
		BB95F45F2CAD771A000A9A91 /* Release */ = {
			isa = XCBuildConfiguration;
			buildSettings = {
				ALWAYS_SEARCH_USER_PATHS = NO;
				ASSETCATALOG_COMPILER_GENERATE_SWIFT_ASSET_SYMBOL_EXTENSIONS = YES;
				CLANG_ANALYZER_NONNULL = YES;
				CLANG_ANALYZER_NUMBER_OBJECT_CONVERSION = YES_AGGRESSIVE;
				CLANG_CXX_LANGUAGE_STANDARD = "gnu++20";
				CLANG_ENABLE_MODULES = YES;
				CLANG_ENABLE_OBJC_ARC = YES;
				CLANG_ENABLE_OBJC_WEAK = YES;
				CLANG_WARN_BLOCK_CAPTURE_AUTORELEASING = YES;
				CLANG_WARN_BOOL_CONVERSION = YES;
				CLANG_WARN_COMMA = YES;
				CLANG_WARN_CONSTANT_CONVERSION = YES;
				CLANG_WARN_DEPRECATED_OBJC_IMPLEMENTATIONS = YES;
				CLANG_WARN_DIRECT_OBJC_ISA_USAGE = YES_ERROR;
				CLANG_WARN_DOCUMENTATION_COMMENTS = YES;
				CLANG_WARN_EMPTY_BODY = YES;
				CLANG_WARN_ENUM_CONVERSION = YES;
				CLANG_WARN_INFINITE_RECURSION = YES;
				CLANG_WARN_INT_CONVERSION = YES;
				CLANG_WARN_NON_LITERAL_NULL_CONVERSION = YES;
				CLANG_WARN_OBJC_IMPLICIT_RETAIN_SELF = YES;
				CLANG_WARN_OBJC_LITERAL_CONVERSION = YES;
				CLANG_WARN_OBJC_ROOT_CLASS = YES_ERROR;
				CLANG_WARN_QUOTED_INCLUDE_IN_FRAMEWORK_HEADER = YES;
				CLANG_WARN_RANGE_LOOP_ANALYSIS = YES;
				CLANG_WARN_STRICT_PROTOTYPES = YES;
				CLANG_WARN_SUSPICIOUS_MOVE = YES;
				CLANG_WARN_UNGUARDED_AVAILABILITY = YES_AGGRESSIVE;
				CLANG_WARN_UNREACHABLE_CODE = YES;
				CLANG_WARN__DUPLICATE_METHOD_MATCH = YES;
				COPY_PHASE_STRIP = NO;
				DEAD_CODE_STRIPPING = YES;
				DEBUG_INFORMATION_FORMAT = "dwarf-with-dsym";
				ENABLE_NS_ASSERTIONS = NO;
				ENABLE_STRICT_OBJC_MSGSEND = YES;
				ENABLE_USER_SCRIPT_SANDBOXING = YES;
				GCC_C_LANGUAGE_STANDARD = gnu17;
				GCC_NO_COMMON_BLOCKS = YES;
				GCC_WARN_64_TO_32_BIT_CONVERSION = YES;
				GCC_WARN_ABOUT_RETURN_TYPE = YES_ERROR;
				GCC_WARN_UNDECLARED_SELECTOR = YES;
				GCC_WARN_UNINITIALIZED_AUTOS = YES_AGGRESSIVE;
				GCC_WARN_UNUSED_FUNCTION = YES;
				GCC_WARN_UNUSED_VARIABLE = YES;
				LOCALIZATION_PREFERS_STRING_CATALOGS = YES;
				MTL_ENABLE_DEBUG_INFO = NO;
				MTL_FAST_MATH = YES;
				SWIFT_COMPILATION_MODE = wholemodule;
			};
			name = Release;
		};
		BB95F4612CAD771A000A9A91 /* Debug */ = {
			isa = XCBuildConfiguration;
			buildSettings = {
				ASSETCATALOG_COMPILER_APPICON_NAME = AppIcon;
				ASSETCATALOG_COMPILER_GLOBAL_ACCENT_COLOR_NAME = AccentColor;
				CODE_SIGN_ENTITLEMENTS = "Better Now Playing Watch App/Better Now Playing Watch App.entitlements";
				CODE_SIGN_STYLE = Automatic;
				CURRENT_PROJECT_VERSION = 1;
				DEVELOPMENT_ASSET_PATHS = "\"Better Now Playing Watch App/Preview Content\"";
				DEVELOPMENT_TEAM = Z5PA4H55W8;
				ENABLE_PREVIEWS = YES;
				GENERATE_INFOPLIST_FILE = YES;
				INFOPLIST_KEY_CFBundleDisplayName = "Better Now Playing";
				INFOPLIST_KEY_NSAppleMusicUsageDescription = "Needed to Function";
				INFOPLIST_KEY_UISupportedInterfaceOrientations = "UIInterfaceOrientationPortrait UIInterfaceOrientationPortraitUpsideDown";
				INFOPLIST_KEY_WKCompanionAppBundleIdentifier = "com.GUNNYMACE.Better-Now-Playing";
				LD_RUNPATH_SEARCH_PATHS = (
					"$(inherited)",
					"@executable_path/Frameworks",
				);
				MARKETING_VERSION = 1.0;
				PRODUCT_BUNDLE_IDENTIFIER = "com.GUNNYMACE.Better-Now-Playing.watchkitapp";
				PRODUCT_NAME = "$(TARGET_NAME)";
				SDKROOT = watchos;
				SKIP_INSTALL = YES;
				SWIFT_EMIT_LOC_STRINGS = YES;
				SWIFT_VERSION = 5.0;
				TARGETED_DEVICE_FAMILY = 4;
				WATCHOS_DEPLOYMENT_TARGET = 11.0;
			};
			name = Debug;
		};
		BB95F4622CAD771A000A9A91 /* Release */ = {
			isa = XCBuildConfiguration;
			buildSettings = {
				ASSETCATALOG_COMPILER_APPICON_NAME = AppIcon;
				ASSETCATALOG_COMPILER_GLOBAL_ACCENT_COLOR_NAME = AccentColor;
				CODE_SIGN_ENTITLEMENTS = "Better Now Playing Watch App/Better Now Playing Watch App.entitlements";
				CODE_SIGN_STYLE = Automatic;
				CURRENT_PROJECT_VERSION = 1;
				DEVELOPMENT_ASSET_PATHS = "\"Better Now Playing Watch App/Preview Content\"";
				DEVELOPMENT_TEAM = Z5PA4H55W8;
				ENABLE_PREVIEWS = YES;
				GENERATE_INFOPLIST_FILE = YES;
				INFOPLIST_KEY_CFBundleDisplayName = "Better Now Playing";
				INFOPLIST_KEY_NSAppleMusicUsageDescription = "Needed to Function";
				INFOPLIST_KEY_UISupportedInterfaceOrientations = "UIInterfaceOrientationPortrait UIInterfaceOrientationPortraitUpsideDown";
				INFOPLIST_KEY_WKCompanionAppBundleIdentifier = "com.GUNNYMACE.Better-Now-Playing";
				LD_RUNPATH_SEARCH_PATHS = (
					"$(inherited)",
					"@executable_path/Frameworks",
				);
				MARKETING_VERSION = 1.0;
				PRODUCT_BUNDLE_IDENTIFIER = "com.GUNNYMACE.Better-Now-Playing.watchkitapp";
				PRODUCT_NAME = "$(TARGET_NAME)";
				SDKROOT = watchos;
				SKIP_INSTALL = YES;
				SWIFT_EMIT_LOC_STRINGS = YES;
				SWIFT_VERSION = 5.0;
				TARGETED_DEVICE_FAMILY = 4;
				VALIDATE_PRODUCT = YES;
				WATCHOS_DEPLOYMENT_TARGET = 11.0;
			};
			name = Release;
		};
		BB95F4652CAD771A000A9A91 /* Debug */ = {
			isa = XCBuildConfiguration;
			buildSettings = {
				ASSETCATALOG_COMPILER_APPICON_NAME = AppIcon;
				ASSETCATALOG_COMPILER_GLOBAL_ACCENT_COLOR_NAME = AccentColor;
				CLANG_ENABLE_MODULES = YES;
				CODE_SIGN_ENTITLEMENTS = "Better Now Playing/Better Now Playing.entitlements";
				CODE_SIGN_STYLE = Automatic;
				CURRENT_PROJECT_VERSION = 1;
				DEVELOPMENT_ASSET_PATHS = "\"Better Now Playing/Preview Content\"";
				DEVELOPMENT_TEAM = Z5PA4H55W8;
				ENABLE_PREVIEWS = YES;
				GENERATE_INFOPLIST_FILE = YES;
				INFOPLIST_FILE = "Better-Now-Playing-Info.plist";
				INFOPLIST_KEY_CFBundleDisplayName = BNP;
				INFOPLIST_KEY_LSApplicationCategoryType = "public.app-category.utilities";
				INFOPLIST_KEY_NSAppleMusicUsageDescription = "Needed to Function";
				INFOPLIST_KEY_UIApplicationSceneManifest_Generation = YES;
				INFOPLIST_KEY_UIApplicationSupportsIndirectInputEvents = YES;
				INFOPLIST_KEY_UILaunchScreen_Generation = YES;
				INFOPLIST_KEY_UIStatusBarStyle = "";
				INFOPLIST_KEY_UISupportedInterfaceOrientations = UIInterfaceOrientationPortrait;
				IPHONEOS_DEPLOYMENT_TARGET = 18.0;
				LD_RUNPATH_SEARCH_PATHS = (
					"$(inherited)",
					"@executable_path/Frameworks",
				);
				MARKETING_VERSION = 1.0;
				OTHER_LDFLAGS = "-ObjC";
				PRODUCT_BUNDLE_IDENTIFIER = "com.GUNNYMACE.Better-Now-Playing";
				PRODUCT_NAME = "$(TARGET_NAME)";
				SDKROOT = iphoneos;
				SUPPORTED_PLATFORMS = "iphoneos iphonesimulator";
				SUPPORTS_MACCATALYST = NO;
				SUPPORTS_MAC_DESIGNED_FOR_IPHONE_IPAD = NO;
				SUPPORTS_XR_DESIGNED_FOR_IPHONE_IPAD = NO;
				SWIFT_EMIT_LOC_STRINGS = YES;
				SWIFT_OBJC_BRIDGING_HEADER = "Better Now Playing/Better Now Playing-Bridging-Header.h";
				SWIFT_OPTIMIZATION_LEVEL = "-Onone";
				SWIFT_VERSION = 5.0;
				TARGETED_DEVICE_FAMILY = 1;
			};
			name = Debug;
		};
		BB95F4662CAD771A000A9A91 /* Release */ = {
			isa = XCBuildConfiguration;
			buildSettings = {
				ASSETCATALOG_COMPILER_APPICON_NAME = AppIcon;
				ASSETCATALOG_COMPILER_GLOBAL_ACCENT_COLOR_NAME = AccentColor;
				CLANG_ENABLE_MODULES = YES;
				CODE_SIGN_ENTITLEMENTS = "Better Now Playing/Better Now Playing.entitlements";
				CODE_SIGN_STYLE = Automatic;
				CURRENT_PROJECT_VERSION = 1;
				DEVELOPMENT_ASSET_PATHS = "\"Better Now Playing/Preview Content\"";
				DEVELOPMENT_TEAM = Z5PA4H55W8;
				ENABLE_PREVIEWS = YES;
				GENERATE_INFOPLIST_FILE = YES;
				INFOPLIST_FILE = "Better-Now-Playing-Info.plist";
				INFOPLIST_KEY_CFBundleDisplayName = BNP;
				INFOPLIST_KEY_LSApplicationCategoryType = "public.app-category.utilities";
				INFOPLIST_KEY_NSAppleMusicUsageDescription = "Needed to Function";
				INFOPLIST_KEY_UIApplicationSceneManifest_Generation = YES;
				INFOPLIST_KEY_UIApplicationSupportsIndirectInputEvents = YES;
				INFOPLIST_KEY_UILaunchScreen_Generation = YES;
				INFOPLIST_KEY_UIStatusBarStyle = "";
				INFOPLIST_KEY_UISupportedInterfaceOrientations = UIInterfaceOrientationPortrait;
				IPHONEOS_DEPLOYMENT_TARGET = 18.0;
				LD_RUNPATH_SEARCH_PATHS = (
					"$(inherited)",
					"@executable_path/Frameworks",
				);
				MARKETING_VERSION = 1.0;
				OTHER_LDFLAGS = "-ObjC";
				PRODUCT_BUNDLE_IDENTIFIER = "com.GUNNYMACE.Better-Now-Playing";
				PRODUCT_NAME = "$(TARGET_NAME)";
				SDKROOT = iphoneos;
				SUPPORTED_PLATFORMS = "iphoneos iphonesimulator";
				SUPPORTS_MACCATALYST = NO;
				SUPPORTS_MAC_DESIGNED_FOR_IPHONE_IPAD = NO;
				SUPPORTS_XR_DESIGNED_FOR_IPHONE_IPAD = NO;
				SWIFT_EMIT_LOC_STRINGS = YES;
				SWIFT_OBJC_BRIDGING_HEADER = "Better Now Playing/Better Now Playing-Bridging-Header.h";
				SWIFT_VERSION = 5.0;
				TARGETED_DEVICE_FAMILY = 1;
				VALIDATE_PRODUCT = YES;
			};
			name = Release;
		};
		BBA6DEC72CD140F6001B0B3F /* Debug */ = {
			isa = XCBuildConfiguration;
			buildSettings = {
				ASSETCATALOG_COMPILER_GLOBAL_ACCENT_COLOR_NAME = AccentColor;
				ASSETCATALOG_COMPILER_WIDGET_BACKGROUND_COLOR_NAME = WidgetBackground;
				CODE_SIGN_ENTITLEMENTS = "Better Now Playing WidgetsExtension.entitlements";
				CODE_SIGN_STYLE = Automatic;
				CURRENT_PROJECT_VERSION = 1;
				DEVELOPMENT_TEAM = Z5PA4H55W8;
				GENERATE_INFOPLIST_FILE = YES;
				INFOPLIST_FILE = "Better Now Playing Widgets/Info.plist";
				INFOPLIST_KEY_CFBundleDisplayName = "Better Now Playing Widgets";
				INFOPLIST_KEY_NSHumanReadableCopyright = "";
				LD_RUNPATH_SEARCH_PATHS = (
					"$(inherited)",
					"@executable_path/Frameworks",
					"@executable_path/../../Frameworks",
					"@executable_path/../../../../Frameworks",
				);
				MARKETING_VERSION = 1.0;
				PRODUCT_BUNDLE_IDENTIFIER = "com.GUNNYMACE.Better-Now-Playing.watchkitapp.Better-Now-Playing-Widgets";
				PRODUCT_NAME = "$(TARGET_NAME)";
				SDKROOT = watchos;
				SKIP_INSTALL = YES;
				SWIFT_EMIT_LOC_STRINGS = YES;
				SWIFT_VERSION = 5.0;
				TARGETED_DEVICE_FAMILY = 4;
				WATCHOS_DEPLOYMENT_TARGET = 11.0;
			};
			name = Debug;
		};
		BBA6DEC82CD140F6001B0B3F /* Release */ = {
			isa = XCBuildConfiguration;
			buildSettings = {
				ASSETCATALOG_COMPILER_GLOBAL_ACCENT_COLOR_NAME = AccentColor;
				ASSETCATALOG_COMPILER_WIDGET_BACKGROUND_COLOR_NAME = WidgetBackground;
				CODE_SIGN_ENTITLEMENTS = "Better Now Playing WidgetsExtension.entitlements";
				CODE_SIGN_STYLE = Automatic;
				CURRENT_PROJECT_VERSION = 1;
				DEVELOPMENT_TEAM = Z5PA4H55W8;
				GENERATE_INFOPLIST_FILE = YES;
				INFOPLIST_FILE = "Better Now Playing Widgets/Info.plist";
				INFOPLIST_KEY_CFBundleDisplayName = "Better Now Playing Widgets";
				INFOPLIST_KEY_NSHumanReadableCopyright = "";
				LD_RUNPATH_SEARCH_PATHS = (
					"$(inherited)",
					"@executable_path/Frameworks",
					"@executable_path/../../Frameworks",
					"@executable_path/../../../../Frameworks",
				);
				MARKETING_VERSION = 1.0;
				PRODUCT_BUNDLE_IDENTIFIER = "com.GUNNYMACE.Better-Now-Playing.watchkitapp.Better-Now-Playing-Widgets";
				PRODUCT_NAME = "$(TARGET_NAME)";
				SDKROOT = watchos;
				SKIP_INSTALL = YES;
				SWIFT_EMIT_LOC_STRINGS = YES;
				SWIFT_VERSION = 5.0;
				TARGETED_DEVICE_FAMILY = 4;
				VALIDATE_PRODUCT = YES;
				WATCHOS_DEPLOYMENT_TARGET = 11.0;
			};
			name = Release;
		};
/* End XCBuildConfiguration section */

/* Begin XCConfigurationList section */
		BB95F40F2CAD7717000A9A91 /* Build configuration list for PBXProject "Better Now Playing" */ = {
			isa = XCConfigurationList;
			buildConfigurations = (
				BB95F45E2CAD771A000A9A91 /* Debug */,
				BB95F45F2CAD771A000A9A91 /* Release */,
			);
			defaultConfigurationIsVisible = 0;
			defaultConfigurationName = Release;
		};
		BB95F4602CAD771A000A9A91 /* Build configuration list for PBXNativeTarget "Better Now Playing Watch App" */ = {
			isa = XCConfigurationList;
			buildConfigurations = (
				BB95F4612CAD771A000A9A91 /* Debug */,
				BB95F4622CAD771A000A9A91 /* Release */,
			);
			defaultConfigurationIsVisible = 0;
			defaultConfigurationName = Release;
		};
		BB95F4642CAD771A000A9A91 /* Build configuration list for PBXNativeTarget "Better Now Playing" */ = {
			isa = XCConfigurationList;
			buildConfigurations = (
				BB95F4652CAD771A000A9A91 /* Debug */,
				BB95F4662CAD771A000A9A91 /* Release */,
			);
			defaultConfigurationIsVisible = 0;
			defaultConfigurationName = Release;
		};
		BBA6DEC62CD140F6001B0B3F /* Build configuration list for PBXNativeTarget "Better Now Playing WidgetsExtension" */ = {
			isa = XCConfigurationList;
			buildConfigurations = (
				BBA6DEC72CD140F6001B0B3F /* Debug */,
				BBA6DEC82CD140F6001B0B3F /* Release */,
			);
			defaultConfigurationIsVisible = 0;
			defaultConfigurationName = Release;
		};
/* End XCConfigurationList section */

/* Begin XCRemoteSwiftPackageReference section */
		BB9394852CFD073600758565 /* XCRemoteSwiftPackageReference "ios-sdk" */ = {
			isa = XCRemoteSwiftPackageReference;
			repositoryURL = "https://github.com/spotify/ios-sdk";
			requirement = {
				branch = master;
				kind = branch;
			};
		};
/* End XCRemoteSwiftPackageReference section */

/* Begin XCSwiftPackageProductDependency section */
		BB9394862CFD073600758565 /* SpotifyiOS */ = {
			isa = XCSwiftPackageProductDependency;
			package = BB9394852CFD073600758565 /* XCRemoteSwiftPackageReference "ios-sdk" */;
			productName = SpotifyiOS;
		};
/* End XCSwiftPackageProductDependency section */
	};
	rootObject = BB95F40C2CAD7717000A9A91 /* Project object */;
}
